# This file was autogenerated by uv via the following command:
#    uv pip compile training/requirements-train.in --output-file training/requirements-train.lock --python-version 3.10
aiohappyeyeballs==2.7.1
    # via aiohttp
aiohttp==3.14.2
    # via fsspec
aiosignal==1.4.0
    # via aiohttp
appdirs==1.4.4
    # via deepfilternet
async-timeout==5.0.1
    # via aiohttp
attrs==26.1.0
    # via
    #   aiohttp
    #   jsonschema
    #   phonemizer
    #   referencing
audioread==3.1.0
    # via librosa
babel==2.18.0
    # via csvw
certifi==2026.7.22
    # via requests
cffi==2.1.0
    # via soundfile
charset-normalizer==3.4.9
    # via requests
coverage==7.15.2
    # via pytest-cov
csvw==4.1.0
    # via segments
cuda-bindings==13.3.1
    # via torch
cuda-pathfinder==1.6.0
    # via cuda-bindings
cuda-toolkit==13.0.3.0
    # via torch
datasets==4.0.0
    # via -r training/requirements-train.in
decorator==5.3.1
    # via librosa
deepfilterlib==0.5.6
    # via deepfilternet
deepfilternet==0.5.6
    # via -r training/requirements-train.in
dill==0.3.8
    # via
    #   datasets
    #   multiprocess
dlinfo==2.0.0
    # via phonemizer
exceptiongroup==1.3.1
    # via pytest
filelock==3.29.0
    # via
    #   datasets
    #   huggingface-hub
    #   torch
frozenlist==1.8.0
    # via
    #   aiohttp
    #   aiosignal
fsspec==2025.3.0
    # via
    #   datasets
    #   huggingface-hub
    #   torch
hf-xet==1.5.2
    # via huggingface-hub
huggingface-hub==0.34.3
    # via
    #   -r training/requirements-train.in
    #   datasets
    #   speechbrain
hyperpyyaml==1.2.3
    # via speechbrain
idna==3.18
    # via
    #   requests
    #   yarl
iniconfig==2.3.0
    # via pytest
isodate==0.7.2
    # via
    #   csvw
    #   rdflib
jinja2==3.1.6
    # via torch
joblib==1.5.3
    # via
    #   librosa
    #   phonemizer
    #   scikit-learn
    #   speechbrain
jsonschema==4.26.0
    # via csvw
jsonschema-specifications==2025.9.1
    # via jsonschema
language-tags==1.3.1
    # via csvw
lazy-loader==0.5
    # via librosa
librosa==0.11.0
    # via -r training/requirements-train.in
llvmlite==0.48.0
    # via numba
loguru==0.7.3
    # via deepfilternet
markupsafe==3.0.3
    # via jinja2
mpmath==1.3.0
    # via sympy
msgpack==1.2.1
    # via librosa
multidict==6.7.1
    # via
    #   aiohttp
    #   yarl
multiprocess==0.70.16
    # via datasets
networkx==3.4.2
    # via torch
numba==0.66.0
    # via
    #   librosa
    #   resampy
numpy==1.26.4
    # via
    #   -r training/requirements-train.in
    #   datasets
    #   deepfilterlib
    #   deepfilternet
    #   librosa
    #   numba
    #   pandas
    #   pyworld
    #   resampy
    #   scikit-learn
    #   scipy
    #   soundfile
    #   soxr
    #   speechbrain
nvidia-cublas==13.1.1.3
    # via
    #   cuda-toolkit
    #   nvidia-cudnn-cu13
    #   nvidia-cusolver
nvidia-cuda-cupti==13.0.85
    # via cuda-toolkit
nvidia-cuda-nvrtc==13.0.88
    # via
    #   cuda-toolkit
    #   nvidia-cublas
nvidia-cuda-runtime==13.0.96
    # via cuda-toolkit
nvidia-cudnn-cu13==9.20.0.48
    # via torch
nvidia-cufft==12.0.0.61
    # via cuda-toolkit
nvidia-cufile==1.15.1.6
    # via cuda-toolkit
nvidia-curand==10.4.0.35
    # via cuda-toolkit
nvidia-cusolver==12.0.4.66
    # via cuda-toolkit
nvidia-cusparse==12.6.3.3
    # via
    #   cuda-toolkit
    #   nvidia-cusolver
nvidia-cusparselt-cu13==0.8.1
    # via torch
nvidia-nccl-cu13==2.29.7
    # via torch
nvidia-nvjitlink==13.3.33
    # via
    #   cuda-toolkit
    #   nvidia-cufft
    #   nvidia-cusolver
    #   nvidia-cusparse
nvidia-nvshmem-cu13==3.4.5
    # via torch
nvidia-nvtx==13.0.85
    # via cuda-toolkit
packaging==23.2
    # via
    #   datasets
    #   deepfilternet
    #   huggingface-hub
    #   lazy-loader
    #   pooch
    #   pytest
    #   speechbrain
pandas==2.3.1
    # via
    #   -r training/requirements-train.in
    #   datasets
phonemizer==3.3.0
    # via -r training/requirements-train.in
platformdirs==4.11.0
    # via pooch
pluggy==1.6.0
    # via
    #   pytest
    #   pytest-cov
pooch==1.9.0
    # via librosa
propcache==0.5.2
    # via
    #   aiohttp
    #   yarl
pyarrow==21.0.0
    # via
    #   -r training/requirements-train.in
    #   datasets
pycparser==3.0
    # via cffi
pygments==2.20.0
    # via pytest
pyparsing==3.3.2
    # via rdflib
pytest==8.4.1
    # via
    #   -r training/requirements-train.in
    #   pytest-cov
pytest-cov==6.2.1
    # via -r training/requirements-train.in
python-dateutil==2.9.0.post0
    # via
    #   csvw
    #   pandas
pytz==2026.2
    # via pandas
pyworld==0.3.5
    # via -r training/requirements-train.in
pyyaml==6.0.2
    # via
    #   -r training/requirements-train.in
    #   datasets
    #   huggingface-hub
    #   hyperpyyaml
rdflib==7.6.0
    # via csvw
referencing==0.37.0
    # via
    #   jsonschema
    #   jsonschema-specifications
regex==2026.7.19
    # via segments
requests==2.34.2
    # via
    #   datasets
    #   deepfilternet
    #   huggingface-hub
    #   pooch
    #   speechbrain
resampy==0.4.3
    # via -r training/requirements-train.in
rfc3986==1.5.0
    # via csvw
rpds-py==0.30.0
    # via
    #   jsonschema
    #   referencing
ruamel-yaml==0.18.17
    # via hyperpyyaml
ruamel-yaml-clib==0.2.15
    # via ruamel-yaml
scikit-learn==1.7.2
    # via librosa
scipy==1.15.3
    # via
    #   librosa
    #   scikit-learn
    #   speechbrain
segments==2.4.0
    # via phonemizer
sentencepiece==0.2.1
    # via speechbrain
setuptools==83.0.0
    # via torch
six==1.17.0
    # via python-dateutil
soundfile==0.13.1
    # via
    #   -r training/requirements-train.in
    #   librosa
    #   speechbrain
soxr==1.1.0
    # via librosa
speechbrain==1.1.0
    # via -r training/requirements-train.in
sympy==1.14.0
    # via
    #   deepfilternet
    #   torch
termcolor==3.3.0
    # via csvw
threadpoolctl==3.6.0
    # via scikit-learn
tomli==2.4.1
    # via
    #   coverage
    #   pytest
torch==2.13.0
    # via speechbrain
torchaudio==2.11.0
    # via speechbrain
tqdm==4.69.0
    # via
    #   datasets
    #   huggingface-hub
    #   speechbrain
triton==3.7.1
    # via torch
typeguard==4.4.4
    # via -r training/requirements-train.in
typing-extensions==4.15.0
    # via
    #   aiohttp
    #   aiosignal
    #   exceptiongroup
    #   huggingface-hub
    #   librosa
    #   multidict
    #   phonemizer
    #   referencing
    #   torch
    #   typeguard
tzdata==2026.3
    # via pandas
uritemplate==4.2.0
    # via csvw
urllib3==2.7.0
    # via requests
xxhash==3.8.1
    # via datasets
yarl==1.24.5
    # via aiohttp
